// !$*UTF8*$!
{
	archiveVersion = 1;
	classes = {
	};
	objectVersion = 56;
	objects = {

/* Begin PBXBuildFile section */
		82F48C132A793E5F0052FABE /* AppDelegate.swift in Sources */ = {isa = PBXBuildFile; fileRef = 82F48C122A793E5F0052FABE /* AppDelegate.swift */; };
		82F48C152A793E5F0052FABE /* SceneDelegate.swift in Sources */ = {isa = PBXBuildFile; fileRef = 82F48C142A793E5F0052FABE /* SceneDelegate.swift */; };
		82F48C172A793E5F0052FABE /* ProfileViewController.swift in Sources */ = {isa = PBXBuildFile; fileRef = 82F48C162A793E5F0052FABE /* ProfileViewController.swift */; };
		82F48C1C2A793E610052FABE /* Assets.xcassets in Resources */ = {isa = PBXBuildFile; fileRef = 82F48C1B2A793E610052FABE /* Assets.xcassets */; };
		82F48C1F2A793E610052FABE /* LaunchScreen.storyboard in Resources */ = {isa = PBXBuildFile; fileRef = 82F48C1D2A793E610052FABE /* LaunchScreen.storyboard */; };
		82F48C272A7947750052FABE /* ProfileView.swift in Sources */ = {isa = PBXBuildFile; fileRef = 82F48C262A7947750052FABE /* ProfileView.swift */; };
		82F48C292A794E2F0052FABE /* Extentions.swift in Sources */ = {isa = PBXBuildFile; fileRef = 82F48C282A794E2F0052FABE /* Extentions.swift */; };
		82F48C2B2A79C15A0052FABE /* ProfileModel.swift in Sources */ = {isa = PBXBuildFile; fileRef = 82F48C2A2A79C15A0052FABE /* ProfileModel.swift */; };
/* End PBXBuildFile section */

/* Begin PBXFileReference section */
		82F48C0F2A793E5F0052FABE /* SurfStudyJamCV.app */ = {isa = PBXFileReference; explicitFileType = wrapper.application; includeInIndex = 0; path = SurfStudyJamCV.app; sourceTree = BUILT_PRODUCTS_DIR; };
		82F48C122A793E5F0052FABE /* AppDelegate.swift */ = {isa = PBXFileReference; lastKnownFileType = sourcecode.swift; path = AppDelegate.swift; sourceTree = "<group>"; };
		82F48C142A793E5F0052FABE /* SceneDelegate.swift */ = {isa = PBXFileReference; lastKnownFileType = sourcecode.swift; path = SceneDelegate.swift; sourceTree = "<group>"; };
		82F48C162A793E5F0052FABE /* ProfileViewController.swift */ = {isa = PBXFileReference; lastKnownFileType = sourcecode.swift; path = ProfileViewController.swift; sourceTree = "<group>"; };
		82F48C1B2A793E610052FABE /* Assets.xcassets */ = {isa = PBXFileReference; lastKnownFileType = folder.assetcatalog; path = Assets.xcassets; sourceTree = "<group>"; };
		82F48C1E2A793E610052FABE /* Base */ = {isa = PBXFileReference; lastKnownFileType = file.storyboard; name = Base; path = Base.lproj/LaunchScreen.storyboard; sourceTree = "<group>"; };
		82F48C202A793E610052FABE /* Info.plist */ = {isa = PBXFileReference; lastKnownFileType = text.plist.xml; path = Info.plist; sourceTree = "<group>"; };
		82F48C262A7947750052FABE /* ProfileView.swift */ = {isa = PBXFileReference; lastKnownFileType = sourcecode.swift; path = ProfileView.swift; sourceTree = "<group>"; };
		82F48C282A794E2F0052FABE /* Extentions.swift */ = {isa = PBXFileReference; lastKnownFileType = sourcecode.swift; path = Extentions.swift; sourceTree = "<group>"; };
		82F48C2A2A79C15A0052FABE /* ProfileModel.swift */ = {isa = PBXFileReference; lastKnownFileType = sourcecode.swift; path = ProfileModel.swift; sourceTree = "<group>"; };
/* End PBXFileReference section */

/* Begin PBXFrameworksBuildPhase section */
		82F48C0C2A793E5F0052FABE /* Frameworks */ = {
			isa = PBXFrameworksBuildPhase;
			buildActionMask = 2147483647;
			files = (
			);
			runOnlyForDeploymentPostprocessing = 0;
		};
/* End PBXFrameworksBuildPhase section */

/* Begin PBXGroup section */
		82F48C062A793E5F0052FABE = {
			isa = PBXGroup;
			children = (
				82F48C112A793E5F0052FABE /* SurfStudyJamCV */,
				82F48C102A793E5F0052FABE /* Products */,
			);
			sourceTree = "<group>";
		};
		82F48C102A793E5F0052FABE /* Products */ = {
			isa = PBXGroup;
			children = (
				82F48C0F2A793E5F0052FABE /* SurfStudyJamCV.app */,
			);
			name = Products;
			sourceTree = "<group>";
		};
		82F48C112A793E5F0052FABE /* SurfStudyJamCV */ = {
			isa = PBXGroup;
			children = (
				82F48C2E2A79C2290052FABE /* Model */,
				82F48C2D2A79C21D0052FABE /* View */,
				82F48C2C2A79C2070052FABE /* Controller */,
				82F48C122A793E5F0052FABE /* AppDelegate.swift */,
				82F48C142A793E5F0052FABE /* SceneDelegate.swift */,
				82F48C282A794E2F0052FABE /* Extentions.swift */,
				82F48C1B2A793E610052FABE /* Assets.xcassets */,
				82F48C1D2A793E610052FABE /* LaunchScreen.storyboard */,
				82F48C202A793E610052FABE /* Info.plist */,
			);
			path = SurfStudyJamCV;
			sourceTree = "<group>";
		};
		82F48C2C2A79C2070052FABE /* Controller */ = {
			isa = PBXGroup;
			children = (
				82F48C162A793E5F0052FABE /* ProfileViewController.swift */,
			);
			path = Controller;
			sourceTree = "<group>";
		};
		82F48C2D2A79C21D0052FABE /* View */ = {
			isa = PBXGroup;
			children = (
				82F48C262A7947750052FABE /* ProfileView.swift */,
			);
			path = View;
			sourceTree = "<group>";
		};
		82F48C2E2A79C2290052FABE /* Model */ = {
			isa = PBXGroup;
			children = (
				82F48C2A2A79C15A0052FABE /* ProfileModel.swift */,
			);
			path = Model;
			sourceTree = "<group>";
		};
/* End PBXGroup section */

/* Begin PBXNativeTarget section */
		82F48C0E2A793E5F0052FABE /* SurfStudyJamCV */ = {
			isa = PBXNativeTarget;
			buildConfigurationList = 82F48C232A793E610052FABE /* Build configuration list for PBXNativeTarget "SurfStudyJamCV" */;
			buildPhases = (
				82F48C0B2A793E5F0052FABE /* Sources */,
				82F48C0C2A793E5F0052FABE /* Frameworks */,
				82F48C0D2A793E5F0052FABE /* Resources */,
			);
			buildRules = (
			);
			dependencies = (
			);
			name = SurfStudyJamCV;
			productName = SurfStudyJamCV;
			productReference = 82F48C0F2A793E5F0052FABE /* SurfStudyJamCV.app */;
			productType = "com.apple.product-type.application";
		};
/* End PBXNativeTarget section */

/* Begin PBXProject section */
		82F48C072A793E5F0052FABE /* Project object */ = {
			isa = PBXProject;
			attributes = {
				BuildIndependentTargetsInParallel = 1;
				LastSwiftUpdateCheck = 1430;
				LastUpgradeCheck = 1430;
				TargetAttributes = {
					82F48C0E2A793E5F0052FABE = {
						CreatedOnToolsVersion = 14.3.1;
					};
				};
			};
			buildConfigurationList = 82F48C0A2A793E5F0052FABE /* Build configuration list for PBXProject "SurfStudyJamCV" */;
			compatibilityVersion = "Xcode 14.0";
			developmentRegion = en;
			hasScannedForEncodings = 0;
			knownRegions = (
				en,
				Base,
			);
			mainGroup = 82F48C062A793E5F0052FABE;
			productRefGroup = 82F48C102A793E5F0052FABE /* Products */;
			projectDirPath = "";
			projectRoot = "";
			targets = (
				82F48C0E2A793E5F0052FABE /* SurfStudyJamCV */,
			);
		};
/* End PBXProject section */

/* Begin PBXResourcesBuildPhase section */
		82F48C0D2A793E5F0052FABE /* Resources */ = {
			isa = PBXResourcesBuildPhase;
			buildActionMask = 2147483647;
			files = (
				82F48C1F2A793E610052FABE /* LaunchScreen.storyboard in Resources */,
				82F48C1C2A793E610052FABE /* Assets.xcassets in Resources */,
			);
			runOnlyForDeploymentPostprocessing = 0;
		};
/* End PBXResourcesBuildPhase section */

/* Begin PBXSourcesBuildPhase section */
		82F48C0B2A793E5F0052FABE /* Sources */ = {
			isa = PBXSourcesBuildPhase;
			buildActionMask = 2147483647;
			files = (
				82F48C172A793E5F0052FABE /* ProfileViewController.swift in Sources */,
				82F48C272A7947750052FABE /* ProfileView.swift in Sources */,
				82F48C292A794E2F0052FABE /* Extentions.swift in Sources */,
				82F48C2B2A79C15A0052FABE /* ProfileModel.swift in Sources */,
				82F48C132A793E5F0052FABE /* AppDelegate.swift in Sources */,
				82F48C152A793E5F0052FABE /* SceneDelegate.swift in Sources */,
			);
			runOnlyForDeploymentPostprocessing = 0;
		};
/* End PBXSourcesBuildPhase section */

/* Begin PBXVariantGroup section */
		82F48C1D2A793E610052FABE /* LaunchScreen.storyboard */ = {
			isa = PBXVariantGroup;
			children = (
				82F48C1E2A793E610052FABE /* Base */,
			);
			name = LaunchScreen.storyboard;
			sourceTree = "<group>";
		};
/* End PBXVariantGroup section */

/* Begin XCBuildConfiguration section */
		82F48C212A793E610052FABE /* Debug */ = {
			isa = XCBuildConfiguration;
			buildSettings = {
				ALWAYS_SEARCH_USER_PATHS = NO;
				CLANG_ANALYZER_NONNULL = YES;
				CLANG_ANALYZER_NUMBER_OBJECT_CONVERSION = YES_AGGRESSIVE;
				CLANG_CXX_LANGUAGE_STANDARD = "gnu++20";
				CLANG_ENABLE_MODULES = YES;
				CLANG_ENABLE_OBJC_ARC = YES;
				CLANG_ENABLE_OBJC_WEAK = YES;
				CLANG_WARN_BLOCK_CAPTURE_AUTORELEASING = YES;
				CLANG_WARN_BOOL_CONVERSION = YES;
				CLANG_WARN_COMMA = YES;
				CLANG_WARN_CONSTANT_CONVERSION = YES;
				CLANG_WARN_DEPRECATED_OBJC_IMPLEMENTATIONS = YES;
				CLANG_WARN_DIRECT_OBJC_ISA_USAGE = YES_ERROR;
				CLANG_WARN_DOCUMENTATION_COMMENTS = YES;
				CLANG_WARN_EMPTY_BODY = YES;
				CLANG_WARN_ENUM_CONVERSION = YES;
				CLANG_WARN_INFINITE_RECURSION = YES;
				CLANG_WARN_INT_CONVERSION = YES;
				CLANG_WARN_NON_LITERAL_NULL_CONVERSION = YES;
				CLANG_WARN_OBJC_IMPLICIT_RETAIN_SELF = YES;
				CLANG_WARN_OBJC_LITERAL_CONVERSION = YES;
				CLANG_WARN_OBJC_ROOT_CLASS = YES_ERROR;
				CLANG_WARN_QUOTED_INCLUDE_IN_FRAMEWORK_HEADER = YES;
				CLANG_WARN_RANGE_LOOP_ANALYSIS = YES;
				CLANG_WARN_STRICT_PROTOTYPES = YES;
				CLANG_WARN_SUSPICIOUS_MOVE = YES;
				CLANG_WARN_UNGUARDED_AVAILABILITY = YES_AGGRESSIVE;
				CLANG_WARN_UNREACHABLE_CODE = YES;
				CLANG_WARN__DUPLICATE_METHOD_MATCH = YES;
				COPY_PHASE_STRIP = NO;
				DEBUG_INFORMATION_FORMAT = dwarf;
				ENABLE_STRICT_OBJC_MSGSEND = YES;
				ENABLE_TESTABILITY = YES;
				GCC_C_LANGUAGE_STANDARD = gnu11;
				GCC_DYNAMIC_NO_PIC = NO;
				GCC_NO_COMMON_BLOCKS = YES;
				GCC_OPTIMIZATION_LEVEL = 0;
				GCC_PREPROCESSOR_DEFINITIONS = (
					"DEBUG=1",
					"$(inherited)",
				);
				GCC_WARN_64_TO_32_BIT_CONVERSION = YES;
				GCC_WARN_ABOUT_RETURN_TYPE = YES_ERROR;
				GCC_WARN_UNDECLARED_SELECTOR = YES;
				GCC_WARN_UNINITIALIZED_AUTOS = YES_AGGRESSIVE;
				GCC_WARN_UNUSED_FUNCTION = YES;
				GCC_WARN_UNUSED_VARIABLE = YES;
				IPHONEOS_DEPLOYMENT_TARGET = 16.4;
				MTL_ENABLE_DEBUG_INFO = INCLUDE_SOURCE;
				MTL_FAST_MATH = YES;
				ONLY_ACTIVE_ARCH = YES;
				SDKROOT = iphoneos;
				SWIFT_ACTIVE_COMPILATION_CONDITIONS = DEBUG;
				SWIFT_OPTIMIZATION_LEVEL = "-Onone";
			};
			name = Debug;
		};
		82F48C222A793E610052FABE /* Release */ = {
			isa = XCBuildConfiguration;
			buildSettings = {
				ALWAYS_SEARCH_USER_PATHS = NO;
				CLANG_ANALYZER_NONNULL = YES;
				CLANG_ANALYZER_NUMBER_OBJECT_CONVERSION = YES_AGGRESSIVE;
				CLANG_CXX_LANGUAGE_STANDARD = "gnu++20";
				CLANG_ENABLE_MODULES = YES;
				CLANG_ENABLE_OBJC_ARC = YES;
				CLANG_ENABLE_OBJC_WEAK = YES;
				CLANG_WARN_BLOCK_CAPTURE_AUTORELEASING = YES;
				CLANG_WARN_BOOL_CONVERSION = YES;
				CLANG_WARN_COMMA = YES;
				CLANG_WARN_CONSTANT_CONVERSION = YES;
				CLANG_WARN_DEPRECATED_OBJC_IMPLEMENTATIONS = YES;
				CLANG_WARN_DIRECT_OBJC_ISA_USAGE = YES_ERROR;
				CLANG_WARN_DOCUMENTATION_COMMENTS = YES;
				CLANG_WARN_EMPTY_BODY = YES;
				CLANG_WARN_ENUM_CONVERSION = YES;
				CLANG_WARN_INFINITE_RECURSION = YES;
				CLANG_WARN_INT_CONVERSION = YES;
				CLANG_WARN_NON_LITERAL_NULL_CONVERSION = YES;
				CLANG_WARN_OBJC_IMPLICIT_RETAIN_SELF = YES;
				CLANG_WARN_OBJC_LITERAL_CONVERSION = YES;
				CLANG_WARN_OBJC_ROOT_CLASS = YES_ERROR;
				CLANG_WARN_QUOTED_INCLUDE_IN_FRAMEWORK_HEADER = YES;
				CLANG_WARN_RANGE_LOOP_ANALYSIS = YES;
				CLANG_WARN_STRICT_PROTOTYPES = YES;
				CLANG_WARN_SUSPICIOUS_MOVE = YES;
				CLANG_WARN_UNGUARDED_AVAILABILITY = YES_AGGRESSIVE;
				CLANG_WARN_UNREACHABLE_CODE = YES;
				CLANG_WARN__DUPLICATE_METHOD_MATCH = YES;
				COPY_PHASE_STRIP = NO;
				DEBUG_INFORMATION_FORMAT = "dwarf-with-dsym";
				ENABLE_NS_ASSERTIONS = NO;
				ENABLE_STRICT_OBJC_MSGSEND = YES;
				GCC_C_LANGUAGE_STANDARD = gnu11;
				GCC_NO_COMMON_BLOCKS = YES;
				GCC_WARN_64_TO_32_BIT_CONVERSION = YES;
				GCC_WARN_ABOUT_RETURN_TYPE = YES_ERROR;
				GCC_WARN_UNDECLARED_SELECTOR = YES;
				GCC_WARN_UNINITIALIZED_AUTOS = YES_AGGRESSIVE;
				GCC_WARN_UNUSED_FUNCTION = YES;
				GCC_WARN_UNUSED_VARIABLE = YES;
				IPHONEOS_DEPLOYMENT_TARGET = 16.4;
				MTL_ENABLE_DEBUG_INFO = NO;
				MTL_FAST_MATH = YES;
				SDKROOT = iphoneos;
				SWIFT_COMPILATION_MODE = wholemodule;
				SWIFT_OPTIMIZATION_LEVEL = "-O";
				VALIDATE_PRODUCT = YES;
			};
			name = Release;
		};
		82F48C242A793E610052FABE /* Debug */ = {
			isa = XCBuildConfiguration;
			buildSettings = {
				ASSETCATALOG_COMPILER_APPICON_NAME = AppIcon;
				ASSETCATALOG_COMPILER_GLOBAL_ACCENT_COLOR_NAME = AccentColor;
				CODE_SIGN_STYLE = Automatic;
				CURRENT_PROJECT_VERSION = 1;
				GENERATE_INFOPLIST_FILE = YES;
				INFOPLIST_FILE = SurfStudyJamCV/Info.plist;
				INFOPLIST_KEY_UIApplicationSupportsIndirectInputEvents = YES;
				INFOPLIST_KEY_UILaunchStoryboardName = LaunchScreen;
				INFOPLIST_KEY_UISupportedInterfaceOrientations_iPad = "UIInterfaceOrientationPortrait UIInterfaceOrientationPortraitUpsideDown UIInterfaceOrientationLandscapeLeft UIInterfaceOrientationLandscapeRight";
				INFOPLIST_KEY_UISupportedInterfaceOrientations_iPhone = "UIInterfaceOrientationPortrait UIInterfaceOrientationLandscapeLeft UIInterfaceOrientationLandscapeRight";
				LD_RUNPATH_SEARCH_PATHS = (
					"$(inherited)",
					"@executable_path/Frameworks",
				);
				MARKETING_VERSION = 1.0;
				PRODUCT_BUNDLE_IDENTIFIER = nikita.SurfStudyJamCV;
				PRODUCT_NAME = "$(TARGET_NAME)";
				SWIFT_EMIT_LOC_STRINGS = YES;
				SWIFT_VERSION = 5.0;
				TARGETED_DEVICE_FAMILY = "1,2";
			};
			name = Debug;
		};
		82F48C252A793E610052FABE /* Release */ = {
			isa = XCBuildConfiguration;
			buildSettings = {
				ASSETCATALOG_COMPILER_APPICON_NAME = AppIcon;
				ASSETCATALOG_COMPILER_GLOBAL_ACCENT_COLOR_NAME = AccentColor;
				CODE_SIGN_STYLE = Automatic;
				CURRENT_PROJECT_VERSION = 1;
				GENERATE_INFOPLIST_FILE = YES;
				INFOPLIST_FILE = SurfStudyJamCV/Info.plist;
				INFOPLIST_KEY_UIApplicationSupportsIndirectInputEvents = YES;
				INFOPLIST_KEY_UILaunchStoryboardName = LaunchScreen;
				INFOPLIST_KEY_UISupportedInterfaceOrientations_iPad = "UIInterfaceOrientationPortrait UIInterfaceOrientationPortraitUpsideDown UIInterfaceOrientationLandscapeLeft UIInterfaceOrientationLandscapeRight";
				INFOPLIST_KEY_UISupportedInterfaceOrientations_iPhone = "UIInterfaceOrientationPortrait UIInterfaceOrientationLandscapeLeft UIInterfaceOrientationLandscapeRight";
				LD_RUNPATH_SEARCH_PATHS = (
					"$(inherited)",
					"@executable_path/Frameworks",
				);
				MARKETING_VERSION = 1.0;
				PRODUCT_BUNDLE_IDENTIFIER = nikita.SurfStudyJamCV;
				PRODUCT_NAME = "$(TARGET_NAME)";
				SWIFT_EMIT_LOC_STRINGS = YES;
				SWIFT_VERSION = 5.0;
				TARGETED_DEVICE_FAMILY = "1,2";
			};
			name = Release;
		};
/* End XCBuildConfiguration section */

/* Begin XCConfigurationList section */
		82F48C0A2A793E5F0052FABE /* Build configuration list for PBXProject "SurfStudyJamCV" */ = {
			isa = XCConfigurationList;
			buildConfigurations = (
				82F48C212A793E610052FABE /* Debug */,
				82F48C222A793E610052FABE /* Release */,
			);
			defaultConfigurationIsVisible = 0;
			defaultConfigurationName = Release;
		};
		82F48C232A793E610052FABE /* Build configuration list for PBXNativeTarget "SurfStudyJamCV" */ = {
			isa = XCConfigurationList;
			buildConfigurations = (
				82F48C242A793E610052FABE /* Debug */,
				82F48C252A793E610052FABE /* Release */,
			);
			defaultConfigurationIsVisible = 0;
			defaultConfigurationName = Release;
		};
/* End XCConfigurationList section */
	};
	rootObject = 82F48C072A793E5F0052FABE /* Project object */;
}
